
Microsoft Visual Studio Solution File, Format Version 12.00
# Visual Studio Version 17
VisualStudioVersion = 17.9.34622.214
MinimumVisualStudioVersion = 10.0.40219.1
Project("{FAE04EC0-301F-11D3-BF4B-00C04F79EFBC}") = "AppJogoDaForca", "AppJogoDaForca\AppJogoDaForca.csproj", "{3EA8649D-D7CC-4E93-9E07-A0F9147D4E9B}"
EndProject
Global
	GlobalSection(SolutionConfigurationPlatforms) = preSolution
		Debug|Any CPU = Debug|Any CPU
		Release|Any CPU = Release|Any CPU
	EndGlobalSection
	GlobalSection(ProjectConfigurationPlatforms) = postSolution
		{3EA8649D-D7CC-4E93-9E07-A0F9147D4E9B}.Debug|Any CPU.ActiveCfg = Debug|Any CPU
		{3EA8649D-D7CC-4E93-9E07-A0F9147D4E9B}.Debug|Any CPU.Build.0 = Debug|Any CPU
		{3EA8649D-D7CC-4E93-9E07-A0F9147D4E9B}.Debug|Any CPU.Deploy.0 = Debug|Any CPU
		{3EA8649D-D7CC-4E93-9E07-A0F9147D4E9B}.Release|Any CPU.ActiveCfg = Release|Any CPU
		{3EA8649D-D7CC-4E93-9E07-A0F9147D4E9B}.Release|Any CPU.Build.0 = Release|Any CPU
		{3EA8649D-D7CC-4E93-9E07-A0F9147D4E9B}.Release|Any CPU.Deploy.0 = Release|Any CPU
	EndGlobalSection
	GlobalSection(SolutionProperties) = preSolution
		HideSolutionNode = FALSE
	EndGlobalSection
	GlobalSection(ExtensibilityGlobals) = postSolution
		SolutionGuid = {CBAFFA96-6A84-4D4B-BD82-0B915C41763D}
	EndGlobalSection
EndGlobal
